
Microsoft Visual Studio Solution File, Format Version 12.00
# Visual Studio Version 16
VisualStudioVersion = 16.0.30503.244
MinimumVisualStudioVersion = 10.0.40219.1
Project("{FAE04EC0-301F-11D3-BF4B-00C04F79EFBC}") = "TestGame", "TestGame\TestGame.csproj", "{CC612B22-B26B-40D5-9074-F070ECD0082C}"
EndProject
Global
	GlobalSection(SolutionConfigurationPlatforms) = preSolution
		Debug|Any CPU = Debug|Any CPU
		Release|Any CPU = Release|Any CPU
	EndGlobalSection
	GlobalSection(ProjectConfigurationPlatforms) = postSolution
		{CC612B22-B26B-40D5-9074-F070ECD0082C}.Debug|Any CPU.ActiveCfg = Debug|Any CPU
		{CC612B22-B26B-40D5-9074-F070ECD0082C}.Debug|Any CPU.Build.0 = Debug|Any CPU
		{CC612B22-B26B-40D5-9074-F070ECD0082C}.Release|Any CPU.ActiveCfg = Release|Any CPU
		{CC612B22-B26B-40D5-9074-F070ECD0082C}.Release|Any CPU.Build.0 = Release|Any CPU
	EndGlobalSection
	GlobalSection(SolutionProperties) = preSolution
		HideSolutionNode = FALSE
	EndGlobalSection
	GlobalSection(ExtensibilityGlobals) = postSolution
		SolutionGuid = {1FD3FADD-C8BC-48AF-A10A-A57269F989F4}
	EndGlobalSection
EndGlobal
